{
  "nodes": {
    "cloud-hypervisor-src": {
      "flake": false,
      "locked": {
        "lastModified": 1767880529,
        "narHash": "sha256-3RRrNo+KzL62nzIqXBdfI/ilfDBH16cgSY87hBcOqJY=",
        "owner": "cyberus-technology",
        "repo": "cloud-hypervisor",
        "rev": "3fe978e9e659908c847df756f0e0c54ae7eade84",
        "type": "github"
      },
      "original": {
        "owner": "cyberus-technology",
        "ref": "gardenlinux",
        "repo": "cloud-hypervisor",
        "type": "github"
      }
    },
    "crane": {
      "locked": {
        "lastModified": 1767744144,
        "narHash": "sha256-9/9ntI0D+HbN4G0TrK3KmHbTvwgswz7p8IEJsWyef8Q=",
        "owner": "ipetkov",
        "repo": "crane",
        "rev": "2fb033290bf6b23f226d4c8b32f7f7a16b043d7e",
        "type": "github"
      },
      "original": {
        "owner": "ipetkov",
        "ref": "master",
        "repo": "crane",
        "type": "github"
      }
    },
    "dried-nix-flakes": {
      "locked": {
        "lastModified": 1756139350,
        "narHash": "sha256-pObQv94NclXVXjJV8sTiKwFes4fGEWpkNzDsXw5DqnY=",
        "owner": "cyberus-technology",
        "repo": "dried-nix-flakes",
        "rev": "1b2ba62710c6c1d9eba0e8e3adc029cc2e9291a4",
        "type": "github"
      },
      "original": {
        "owner": "cyberus-technology",
        "repo": "dried-nix-flakes",
        "type": "github"
      }
    },
    "edk2-src": {
      "flake": false,
      "locked": {
        "lastModified": 1753177921,
        "narHash": "sha256-NGSNYuIlmktpc6Jux17pdnaXLhIxZxofA47w6s8dasg=",
        "ref": "gardenlinux",
        "rev": "838aba54db575012bea74a683d15d4ee900bbad9",
        "revCount": 34304,
        "submodules": true,
        "type": "git",
        "url": "https://github.com/cyberus-technology/edk2"
      },
      "original": {
        "ref": "gardenlinux",
        "submodules": true,
        "type": "git",
        "url": "https://github.com/cyberus-technology/edk2"
      }
    },
    "fcntl-tool": {
      "inputs": {
        "nixpkgs": [
          "nixpkgs"
        ]
      },
      "locked": {
        "lastModified": 1767391073,
        "narHash": "sha256-TVOIqy5dYK+kwQkktsIzqGEnMCansC+5ny7PoZh35I4=",
        "owner": "phip1611",
        "repo": "fcntl-tool",
        "rev": "d5e4ea39b03a557aa63c598687d649bd02b97690",
        "type": "github"
      },
      "original": {
        "owner": "phip1611",
        "repo": "fcntl-tool",
        "type": "github"
      }
    },
    "libvirt-src": {
      "flake": false,
      "locked": {
        "lastModified": 1767885895,
        "narHash": "sha256-bp7eEuawonMjBKiqg3+fbGQ09cb4SN6RNcQa6bYg1Gs=",
        "rev": "40b06f79e6f6b6a392356c7116aa47a1a7682c5b",
        "revCount": 53569,
        "submodules": true,
        "type": "git",
        "url": "file:///home/pscholz/projects/libvirt"
      },
      "original": {
        "submodules": true,
        "type": "git",
        "url": "file:///home/pscholz/projects/libvirt"
      }
    },
    "nixpkgs": {
      "locked": {
        "lastModified": 1767799921,
        "narHash": "sha256-r4GVX+FToWVE2My8VVZH4V0pTIpnu2ZE8/Z4uxGEMBE=",
        "owner": "nixos",
        "repo": "nixpkgs",
        "rev": "d351d0653aeb7877273920cd3e823994e7579b0b",
        "type": "github"
      },
      "original": {
        "owner": "nixos",
        "ref": "nixos-25.11",
        "repo": "nixpkgs",
        "type": "github"
      }
    },
    "root": {
      "inputs": {
        "cloud-hypervisor-src": "cloud-hypervisor-src",
        "crane": "crane",
        "dried-nix-flakes": "dried-nix-flakes",
        "edk2-src": "edk2-src",
        "fcntl-tool": "fcntl-tool",
        "libvirt-src": "libvirt-src",
        "nixpkgs": "nixpkgs",
        "rust-overlay": "rust-overlay"
      }
    },
    "rust-overlay": {
      "inputs": {
        "nixpkgs": [
          "nixpkgs"
        ]
      },
      "locked": {
        "lastModified": 1767840362,
        "narHash": "sha256-ZtsFqUhilubohNZ1TgpQIFsi4biZTwRH9rjZsDRDik8=",
        "owner": "oxalica",
        "repo": "rust-overlay",
        "rev": "d159ea1fc321c60f88a616ac28bab660092a227d",
        "type": "github"
      },
      "original": {
        "owner": "oxalica",
        "repo": "rust-overlay",
        "type": "github"
      }
    }
  },
  "root": "root",
  "version": 7
}
