{
  "nodes": {
    "cloud-hypervisor": {
      "inputs": {
        "crane": "crane",
        "dried-nix-flakes": "dried-nix-flakes",
        "nixpkgs": [
          "nixpkgs"
        ],
        "rust-overlay": "rust-overlay"
      },
      "locked": {
        "lastModified": 1775134401,
        "narHash": "sha256-cMfqRXJbQmaNspV5utUQGxzvZ7SevO3vcEmf7uZrBBM=",
        "ref": "virtio-guest-announce",
        "rev": "1559969a3b728cffecbe22fe3289b5c3bd592396",
        "revCount": 9564,
        "type": "git",
        "url": "https://github.com/amphi/cloud-hypervisor.git"
      },
      "original": {
        "ref": "virtio-guest-announce",
        "type": "git",
        "url": "https://github.com/amphi/cloud-hypervisor.git"
      }
    },
    "cloud-hypervisor-prev": {
      "inputs": {
        "crane": "crane_2",
        "dried-nix-flakes": "dried-nix-flakes_3",
        "nixpkgs": [
          "libvirt",
          "libvirt-tests",
          "nixpkgs"
        ],
        "rust-overlay": "rust-overlay_2"
      },
      "locked": {
        "lastModified": 1774527115,
        "narHash": "sha256-piHL2tT5220IFv+5JCvSo4qLODx/0Zvq70J8TCRguo8=",
        "owner": "cyberus-technology",
        "repo": "cloud-hypervisor",
        "rev": "e562d21501e8550252ca09bb052e7dc0e0bc508d",
        "type": "github"
      },
      "original": {
        "owner": "cyberus-technology",
        "ref": "gardenlinux-release-26-03-26",
        "repo": "cloud-hypervisor",
        "type": "github"
      }
    },
    "crane": {
      "locked": {
        "lastModified": 1772560058,
        "narHash": "sha256-NuVKdMBJldwUXgghYpzIWJdfeB7ccsu1CC7B+NfSoZ8=",
        "owner": "ipetkov",
        "repo": "crane",
        "rev": "db590d9286ed5ce22017541e36132eab4e8b3045",
        "type": "github"
      },
      "original": {
        "owner": "ipetkov",
        "ref": "master",
        "repo": "crane",
        "type": "github"
      }
    },
    "crane_2": {
      "locked": {
        "lastModified": 1772560058,
        "narHash": "sha256-NuVKdMBJldwUXgghYpzIWJdfeB7ccsu1CC7B+NfSoZ8=",
        "owner": "ipetkov",
        "repo": "crane",
        "rev": "db590d9286ed5ce22017541e36132eab4e8b3045",
        "type": "github"
      },
      "original": {
        "owner": "ipetkov",
        "ref": "master",
        "repo": "crane",
        "type": "github"
      }
    },
    "dried-nix-flakes": {
      "locked": {
        "lastModified": 1756139350,
        "narHash": "sha256-pObQv94NclXVXjJV8sTiKwFes4fGEWpkNzDsXw5DqnY=",
        "owner": "cyberus-technology",
        "repo": "dried-nix-flakes",
        "rev": "1b2ba62710c6c1d9eba0e8e3adc029cc2e9291a4",
        "type": "github"
      },
      "original": {
        "owner": "cyberus-technology",
        "repo": "dried-nix-flakes",
        "type": "github"
      }
    },
    "dried-nix-flakes_2": {
      "locked": {
        "lastModified": 1756139350,
        "narHash": "sha256-pObQv94NclXVXjJV8sTiKwFes4fGEWpkNzDsXw5DqnY=",
        "owner": "cyberus-technology",
        "repo": "dried-nix-flakes",
        "rev": "1b2ba62710c6c1d9eba0e8e3adc029cc2e9291a4",
        "type": "github"
      },
      "original": {
        "owner": "cyberus-technology",
        "repo": "dried-nix-flakes",
        "type": "github"
      }
    },
    "dried-nix-flakes_3": {
      "locked": {
        "lastModified": 1756139350,
        "narHash": "sha256-pObQv94NclXVXjJV8sTiKwFes4fGEWpkNzDsXw5DqnY=",
        "owner": "cyberus-technology",
        "repo": "dried-nix-flakes",
        "rev": "1b2ba62710c6c1d9eba0e8e3adc029cc2e9291a4",
        "type": "github"
      },
      "original": {
        "owner": "cyberus-technology",
        "repo": "dried-nix-flakes",
        "type": "github"
      }
    },
    "dried-nix-flakes_4": {
      "locked": {
        "lastModified": 1756139350,
        "narHash": "sha256-pObQv94NclXVXjJV8sTiKwFes4fGEWpkNzDsXw5DqnY=",
        "owner": "cyberus-technology",
        "repo": "dried-nix-flakes",
        "rev": "1b2ba62710c6c1d9eba0e8e3adc029cc2e9291a4",
        "type": "github"
      },
      "original": {
        "owner": "cyberus-technology",
        "repo": "dried-nix-flakes",
        "type": "github"
      }
    },
    "edk2-src": {
      "flake": false,
      "locked": {
        "lastModified": 1772632652,
        "narHash": "sha256-cuU4f9U4zAj03cDhirjru4XSVM5WjpW59wEiiR3Qa/Q=",
        "ref": "gardenlinux",
        "rev": "1d892a18e3c6b0e4ead9ab26c9a4f648bbf31476",
        "revCount": 35525,
        "submodules": true,
        "type": "git",
        "url": "https://github.com/cyberus-technology/edk2"
      },
      "original": {
        "ref": "gardenlinux",
        "submodules": true,
        "type": "git",
        "url": "https://github.com/cyberus-technology/edk2"
      }
    },
    "edk2-src_2": {
      "flake": false,
      "locked": {
        "lastModified": 1772632652,
        "narHash": "sha256-cuU4f9U4zAj03cDhirjru4XSVM5WjpW59wEiiR3Qa/Q=",
        "ref": "gardenlinux",
        "rev": "1d892a18e3c6b0e4ead9ab26c9a4f648bbf31476",
        "revCount": 35525,
        "submodules": true,
        "type": "git",
        "url": "https://github.com/cyberus-technology/edk2"
      },
      "original": {
        "ref": "gardenlinux",
        "submodules": true,
        "type": "git",
        "url": "https://github.com/cyberus-technology/edk2"
      }
    },
    "fcntl-tool": {
      "inputs": {
        "nixpkgs": [
          "nixpkgs"
        ]
      },
      "locked": {
        "lastModified": 1772385361,
        "narHash": "sha256-lNa6vajqYyFxDCr+mEVJUF90GL6TEja1muedtG1pfx0=",
        "owner": "phip1611",
        "repo": "fcntl-tool",
        "rev": "612cd0d52e5f1c09c1cbad67ddf82da33a33a12f",
        "type": "github"
      },
      "original": {
        "owner": "phip1611",
        "repo": "fcntl-tool",
        "type": "github"
      }
    },
    "fcntl-tool_2": {
      "inputs": {
        "nixpkgs": [
          "libvirt",
          "libvirt-tests",
          "nixpkgs"
        ]
      },
      "locked": {
        "lastModified": 1772385361,
        "narHash": "sha256-lNa6vajqYyFxDCr+mEVJUF90GL6TEja1muedtG1pfx0=",
        "owner": "phip1611",
        "repo": "fcntl-tool",
        "rev": "612cd0d52e5f1c09c1cbad67ddf82da33a33a12f",
        "type": "github"
      },
      "original": {
        "owner": "phip1611",
        "repo": "fcntl-tool",
        "type": "github"
      }
    },
    "keycodemapdb": {
      "flake": false,
      "locked": {
        "lastModified": 1752156361,
        "narHash": "sha256-gfrQPAwgShtgkDWZOkivDO1Aj7UUdaGTitirGy+RA70=",
        "ref": "refs/heads/master",
        "rev": "54788039c0b3486a8883090d6736c2500177af29",
        "revCount": 89,
        "type": "git",
        "url": "https://gitlab.com/keycodemap/keycodemapdb.git"
      },
      "original": {
        "type": "git",
        "url": "https://gitlab.com/keycodemap/keycodemapdb.git"
      }
    },
    "libvirt": {
      "inputs": {
        "cloud-hypervisor": [
          "cloud-hypervisor"
        ],
        "edk2-src": "edk2-src_2",
        "keycodemapdb": "keycodemapdb",
        "libvirt-tests": "libvirt-tests",
        "nixpkgs": [
          "nixpkgs"
        ]
      },
      "locked": {
        "lastModified": 1775041178,
        "narHash": "sha256-oIcsdWJgviTDAmMsAj3Siselw5CAe/Z9Ze4PqcsbGX0=",
        "ref": "gardenlinux",
        "rev": "d7de8781b5636e0f66e334d045b68e8ff148b4f0",
        "revCount": 54149,
        "submodules": true,
        "type": "git",
        "url": "https://github.com/cyberus-technology/libvirt"
      },
      "original": {
        "ref": "gardenlinux",
        "submodules": true,
        "type": "git",
        "url": "https://github.com/cyberus-technology/libvirt"
      }
    },
    "libvirt-tests": {
      "inputs": {
        "cloud-hypervisor": [
          "libvirt",
          "cloud-hypervisor"
        ],
        "cloud-hypervisor-prev": "cloud-hypervisor-prev",
        "dried-nix-flakes": "dried-nix-flakes_4",
        "edk2-src": [
          "libvirt",
          "edk2-src"
        ],
        "fcntl-tool": "fcntl-tool_2",
        "libvirt": [
          "libvirt"
        ],
        "nixpkgs": [
          "libvirt",
          "nixpkgs"
        ]
      },
      "locked": {
        "lastModified": 1775040696,
        "narHash": "sha256-9CsCzfieBlS005r9EgSF9OjPEIBuPOSbZ3erI6QZlX0=",
        "owner": "cyberus-technology",
        "repo": "libvirt-tests",
        "rev": "3ddcb98eeb3931e17c1719e5a09fb3ac0764d85c",
        "type": "github"
      },
      "original": {
        "owner": "cyberus-technology",
        "ref": "main",
        "repo": "libvirt-tests",
        "type": "github"
      }
    },
    "nixpkgs": {
      "locked": {
        "lastModified": 1772598333,
        "narHash": "sha256-YaHht/C35INEX3DeJQNWjNaTcPjYmBwwjFJ2jdtr+5U=",
        "owner": "nixos",
        "repo": "nixpkgs",
        "rev": "fabb8c9deee281e50b1065002c9828f2cf7b2239",
        "type": "github"
      },
      "original": {
        "owner": "nixos",
        "ref": "nixos-25.11",
        "repo": "nixpkgs",
        "type": "github"
      }
    },
    "root": {
      "inputs": {
        "cloud-hypervisor": "cloud-hypervisor",
        "dried-nix-flakes": "dried-nix-flakes_2",
        "edk2-src": "edk2-src",
        "fcntl-tool": "fcntl-tool",
        "libvirt": "libvirt",
        "nixpkgs": "nixpkgs"
      }
    },
    "rust-overlay": {
      "inputs": {
        "nixpkgs": [
          "cloud-hypervisor",
          "nixpkgs"
        ]
      },
      "locked": {
        "lastModified": 1772679930,
        "narHash": "sha256-FxYmdacqrdDVeE9QqZKTIpNLjv2B8GSKssgwlZuTR98=",
        "owner": "oxalica",
        "repo": "rust-overlay",
        "rev": "9b741db17141331fdb26270a1b66b81be8be9edd",
        "type": "github"
      },
      "original": {
        "owner": "oxalica",
        "repo": "rust-overlay",
        "type": "github"
      }
    },
    "rust-overlay_2": {
      "inputs": {
        "nixpkgs": [
          "libvirt",
          "libvirt-tests",
          "cloud-hypervisor-prev",
          "nixpkgs"
        ]
      },
      "locked": {
        "lastModified": 1772679930,
        "narHash": "sha256-FxYmdacqrdDVeE9QqZKTIpNLjv2B8GSKssgwlZuTR98=",
        "owner": "oxalica",
        "repo": "rust-overlay",
        "rev": "9b741db17141331fdb26270a1b66b81be8be9edd",
        "type": "github"
      },
      "original": {
        "owner": "oxalica",
        "repo": "rust-overlay",
        "type": "github"
      }
    }
  },
  "root": "root",
  "version": 7
}
